<?xml version="1.0" encoding="utf-8"?>
<Project ToolsVersion="4.0" xmlns="http://schemas.microsoft.com/developer/msbuild/2003">
  <ItemGroup>
    <Filter Include="Source Files">
      <UniqueIdentifier>{4FC737F1-C7A5-4376-A066-2A32D752A2FF}</UniqueIdentifier>
      <Extensions>cpp;c;cc;cxx;c++;cppm;ixx;def;odl;idl;hpj;bat;asm;asmx</Extensions>
    </Filter>
    <Filter Include="Header Files">
      <UniqueIdentifier>{93995380-89BD-4b04-88EB-625FBE52EBFB}</UniqueIdentifier>
      <Extensions>h;hh;hpp;hxx;h++;hm;inl;inc;ipp;xsd</Extensions>
    </Filter>
    <Filter Include="Resource Files">
      <UniqueIdentifier>{67DA6AB6-F800-4c08-8B7A-83BB121AAD01}</UniqueIdentifier>
      <Extensions>rc;ico;cur;bmp;dlg;rc2;rct;bin;rgs;gif;jpg;jpeg;jpe;resx;tiff;tif;png;wav;mfcribbon-ms</Extensions>
    </Filter>
  </ItemGroup>
  <ItemGroup>
    <ClInclude Include="core\ctx.h">
      <Filter>Header Files</Filter>
    </ClInclude>
    <ClInclude Include="sdk\sdk.h">
      <Filter>Header Files</Filter>
    </ClInclude>
    <ClInclude Include="sdk\error_handler\error_handler.h">
      <Filter>Header Files</Filter>
    </ClInclude>
    <ClInclude Include="sdk\memory\memory.h">
      <Filter>Header Files</Filter>
    </ClInclude>
    <ClInclude Include="sdk\memory\detail\base.h">
      <Filter>Header Files</Filter>
    </ClInclude>
    <ClInclude Include="sdk\commands\command_handler.h">
      <Filter>Header Files</Filter>
    </ClInclude>
    <ClInclude Include="valve\interfaces\panorama\panorama.h">
      <Filter>Header Files</Filter>
    </ClInclude>
    <ClInclude Include="valve\util\utl_vector.h">
      <Filter>Header Files</Filter>
    </ClInclude>
    <ClInclude Include="valve\valve.h">
      <Filter>Header Files</Filter>
    </ClInclude>
    <ClInclude Include="sdk\util\util.h">
      <Filter>Header Files</Filter>
    </ClInclude>
    <ClInclude Include="valve\interfaces\input\input.h">
      <Filter>Header Files</Filter>
    </ClInclude>
    <ClInclude Include="valve\util\pb.h">
      <Filter>Header Files</Filter>
    </ClInclude>
  </ItemGroup>
  <ItemGroup>
    <ClCompile Include="core\ctx.cpp">
      <Filter>Source Files</Filter>
    </ClCompile>
    <ClCompile Include="sdk\sdk.cpp">
      <Filter>Source Files</Filter>
    </ClCompile>
    <ClCompile Include="sdk\commands\impl\command_handler.cpp">
      <Filter>Source Files</Filter>
    </ClCompile>
  </ItemGroup>
  <ItemGroup>
    <None Include="sdk\error_handler\impl\error_handler.inl">
      <Filter>Header Files</Filter>
    </None>
    <None Include="sdk\memory\impl\memory.inl">
      <Filter>Header Files</Filter>
    </None>
    <None Include="valve\interfaces\panorama\impl\panorama.inl">
      <Filter>Header Files</Filter>
    </None>
    <None Include="sdk\util\impl\util.inl">
      <Filter>Header Files</Filter>
    </None>
  </ItemGroup>
</Project>